
Microsoft Visual Studio Solution File, Format Version 12.00
# Visual Studio Version 17
VisualStudioVersion = 17.11.35222.181
MinimumVisualStudioVersion = 10.0.40219.1
Project("{FAE04EC0-301F-11D3-BF4B-00C04F79EFBC}") = "Cable", "Cable\Cable.csproj", "{54D42AF6-387F-4DBD-ADB2-BE0EA016B27F}"
EndProject
Global
	GlobalSection(SolutionConfigurationPlatforms) = preSolution
		Debug|Any CPU = Debug|Any CPU
		Release|Any CPU = Release|Any CPU
	EndGlobalSection
	GlobalSection(ProjectConfigurationPlatforms) = postSolution
		{54D42AF6-387F-4DBD-ADB2-BE0EA016B27F}.Debug|Any CPU.ActiveCfg = Debug|Any CPU
		{54D42AF6-387F-4DBD-ADB2-BE0EA016B27F}.Debug|Any CPU.Build.0 = Debug|Any CPU
		{54D42AF6-387F-4DBD-ADB2-BE0EA016B27F}.Release|Any CPU.ActiveCfg = Release|Any CPU
		{54D42AF6-387F-4DBD-ADB2-BE0EA016B27F}.Release|Any CPU.Build.0 = Release|Any CPU
	EndGlobalSection
	GlobalSection(SolutionProperties) = preSolution
		HideSolutionNode = FALSE
	EndGlobalSection
	GlobalSection(ExtensibilityGlobals) = postSolution
		SolutionGuid = {9337EA2A-80F2-44E0-AC19-0F0F4CCF5C6D}
	EndGlobalSection
EndGlobal
