
Microsoft Visual Studio Solution File, Format Version 12.00
# Visual Studio Version 17
VisualStudioVersion = 17.11.35222.181
MinimumVisualStudioVersion = 10.0.40219.1
Project("{FAE04EC0-301F-11D3-BF4B-00C04F79EFBC}") = "Cable", "Cable\Cable.csproj", "{06B2AE2B-7FD3-4C36-B825-1594752B1D7B}"
EndProject
Global
	GlobalSection(SolutionConfigurationPlatforms) = preSolution
		Debug|Any CPU = Debug|Any CPU
		Release|Any CPU = Release|Any CPU
	EndGlobalSection
	GlobalSection(ProjectConfigurationPlatforms) = postSolution
		{06B2AE2B-7FD3-4C36-B825-1594752B1D7B}.Debug|Any CPU.ActiveCfg = Debug|Any CPU
		{06B2AE2B-7FD3-4C36-B825-1594752B1D7B}.Debug|Any CPU.Build.0 = Debug|Any CPU
		{06B2AE2B-7FD3-4C36-B825-1594752B1D7B}.Release|Any CPU.ActiveCfg = Release|Any CPU
		{06B2AE2B-7FD3-4C36-B825-1594752B1D7B}.Release|Any CPU.Build.0 = Release|Any CPU
	EndGlobalSection
	GlobalSection(SolutionProperties) = preSolution
		HideSolutionNode = FALSE
	EndGlobalSection
	GlobalSection(ExtensibilityGlobals) = postSolution
		SolutionGuid = {DF4F0479-C2F0-42FD-B785-D608CE1F39B7}
	EndGlobalSection
EndGlobal
